<Solution>
  <Project Path="SenacGames.API/SenacGames.API.csproj" Id="5b31c370-76ca-4007-afd8-a500ce9e063d" />
  <Project Path="SenacGames.Application/SenacGames.Application.csproj" Id="c623e464-f7b7-43cb-96d9-fc147fc068e6" />
  <Project Path="SenacGames.Domain/SenacGames.Domain.csproj" Id="27008f82-7fc0-4011-83e6-f2cc8a9670b9" />
  <Project Path="SenacGames.Infraestructure/SenacGames.Infrastructure.csproj" Id="c9efe490-ee4f-4f32-9558-90cfdb1bf7a0" />
  <Project Path="SenacGames.UI/SenacGames.UI.csproj" Id="94b990de-3ca8-42e3-bd36-21eafe19af4f" />
</Solution>
